{
  "name": "razrabotka-new",
  "version": "1.0.0",
  "lockfileVersion": 3,
  "requires": true,
  "packages": {
    "": {
      "name": "razrabotka-new",
      "version": "1.0.0",
      "dependencies": {
        "@azure/functions": "^4.0.0",
        "@prisma/client": "^5.13.0",
        "joi": "^17.13.1",
        "prisma": "^5.13.0"
      }
    },
    "node_modules/@azure/functions": {
      "version": "4.4.0",
      "resolved": "https://registry.npmjs.org/@azure/functions/-/functions-4.4.0.tgz",
      "integrity": "sha512-debidWolFTsfapsK53ftzLtXJc3dbYYPc9UqJoEm1GAj1lS7jFMARQnbfTQPDqBIhuJxLZ9D8WVvhIEV7Hifzw==",
      "dependencies": {
        "cookie": "^0.6.0",
        "long": "^4.0.0",
        "undici": "^5.13.0"
      },
      "engines": {
        "node": ">=18.0"
      }
    },
    "node_modules/@fastify/busboy": {
      "version": "2.1.1",
      "resolved": "https://registry.npmjs.org/@fastify/busboy/-/busboy-2.1.1.tgz",
      "integrity": "sha512-vBZP4NlzfOlerQTnba4aqZoMhE/a9HY7HRqoOPaETQcSQuWEIyZMHGfVu6w9wGtGK5fED5qRs2DteVCjOH60sA==",
      "engines": {
        "node": ">=14"
      }
    },
    "node_modules/@hapi/hoek": {
      "version": "9.3.0",
      "resolved": "https://registry.npmjs.org/@hapi/hoek/-/hoek-9.3.0.tgz",
      "integrity": "sha512-/c6rf4UJlmHlC9b5BaNvzAcFv7HZ2QHaV0D4/HNlBdvFnvQq8RI4kYdhyPCl7Xj+oWvTWQ8ujhqS53LIgAe6KQ=="
    },
    "node_modules/@hapi/topo": {
      "version": "5.1.0",
      "resolved": "https://registry.npmjs.org/@hapi/topo/-/topo-5.1.0.tgz",
      "integrity": "sha512-foQZKJig7Ob0BMAYBfcJk8d77QtOe7Wo4ox7ff1lQYoNNAb6jwcY1ncdoy2e9wQZzvNy7ODZCYJkK8kzmcAnAg==",
      "dependencies": {
        "@hapi/hoek": "^9.0.0"
      }
    },
    "node_modules/@prisma/client": {
      "version": "5.13.0",
      "resolved": "https://registry.npmjs.org/@prisma/client/-/client-5.13.0.tgz",
      "integrity": "sha512-uYdfpPncbZ/syJyiYBwGZS8Gt1PTNoErNYMuqHDa2r30rNSFtgTA/LXsSk55R7pdRTMi5pHkeP9B14K6nHmwkg==",
      "hasInstallScript": true,
      "engines": {
        "node": ">=16.13"
      },
      "peerDependencies": {
        "prisma": "*"
      },
      "peerDependenciesMeta": {
        "prisma": {
          "optional": true
        }
      }
    },
    "node_modules/@prisma/debug": {
      "version": "5.13.0",
      "resolved": "https://registry.npmjs.org/@prisma/debug/-/debug-5.13.0.tgz",
      "integrity": "sha512-699iqlEvzyCj9ETrXhs8o8wQc/eVW+FigSsHpiskSFydhjVuwTJEfj/nIYqTaWFYuxiWQRfm3r01meuW97SZaQ=="
    },
    "node_modules/@prisma/engines": {
      "version": "5.13.0",
      "resolved": "https://registry.npmjs.org/@prisma/engines/-/engines-5.13.0.tgz",
      "integrity": "sha512-hIFLm4H1boj6CBZx55P4xKby9jgDTeDG0Jj3iXtwaaHmlD5JmiDkZhh8+DYWkTGchu+rRF36AVROLnk0oaqhHw==",
      "hasInstallScript": true,
      "dependencies": {
        "@prisma/debug": "5.13.0",
        "@prisma/engines-version": "5.13.0-23.b9a39a7ee606c28e3455d0fd60e78c3ba82b1a2b",
        "@prisma/fetch-engine": "5.13.0",
        "@prisma/get-platform": "5.13.0"
      }
    },
    "node_modules/@prisma/engines-version": {
      "version": "5.13.0-23.b9a39a7ee606c28e3455d0fd60e78c3ba82b1a2b",
      "resolved": "https://registry.npmjs.org/@prisma/engines-version/-/engines-version-5.13.0-23.b9a39a7ee606c28e3455d0fd60e78c3ba82b1a2b.tgz",
      "integrity": "sha512-AyUuhahTINGn8auyqYdmxsN+qn0mw3eg+uhkp8zwknXYIqoT3bChG4RqNY/nfDkPvzWAPBa9mrDyBeOnWSgO6A=="
    },
    "node_modules/@prisma/fetch-engine": {
      "version": "5.13.0",
      "resolved": "https://registry.npmjs.org/@prisma/fetch-engine/-/fetch-engine-5.13.0.tgz",
      "integrity": "sha512-Yh4W+t6YKyqgcSEB3odBXt7QyVSm0OQlBSldQF2SNXtmOgMX8D7PF/fvH6E6qBCpjB/yeJLy/FfwfFijoHI6sA==",
      "dependencies": {
        "@prisma/debug": "5.13.0",
        "@prisma/engines-version": "5.13.0-23.b9a39a7ee606c28e3455d0fd60e78c3ba82b1a2b",
        "@prisma/get-platform": "5.13.0"
      }
    },
    "node_modules/@prisma/get-platform": {
      "version": "5.13.0",
      "resolved": "https://registry.npmjs.org/@prisma/get-platform/-/get-platform-5.13.0.tgz",
      "integrity": "sha512-B/WrQwYTzwr7qCLifQzYOmQhZcFmIFhR81xC45gweInSUn2hTEbfKUPd2keAog+y5WI5xLAFNJ3wkXplvSVkSw==",
      "dependencies": {
        "@prisma/debug": "5.13.0"
      }
    },
    "node_modules/@sideway/address": {
      "version": "4.1.5",
      "resolved": "https://registry.npmjs.org/@sideway/address/-/address-4.1.5.tgz",
      "integrity": "sha512-IqO/DUQHUkPeixNQ8n0JA6102hT9CmaljNTPmQ1u8MEhBo/R4Q8eKLN/vGZxuebwOroDB4cbpjheD4+/sKFK4Q==",
      "dependencies": {
        "@hapi/hoek": "^9.0.0"
      }
    },
    "node_modules/@sideway/formula": {
      "version": "3.0.1",
      "resolved": "https://registry.npmjs.org/@sideway/formula/-/formula-3.0.1.tgz",
      "integrity": "sha512-/poHZJJVjx3L+zVD6g9KgHfYnb443oi7wLu/XKojDviHy6HOEOA6z1Trk5aR1dGcmPenJEgb2sK2I80LeS3MIg=="
    },
    "node_modules/@sideway/pinpoint": {
      "version": "2.0.0",
      "resolved": "https://registry.npmjs.org/@sideway/pinpoint/-/pinpoint-2.0.0.tgz",
      "integrity": "sha512-RNiOoTPkptFtSVzQevY/yWtZwf/RxyVnPy/OcA9HBM3MlGDnBEYL5B41H0MTn0Uec8Hi+2qUtTfG2WWZBmMejQ=="
    },
    "node_modules/cookie": {
      "version": "0.6.0",
      "resolved": "https://registry.npmjs.org/cookie/-/cookie-0.6.0.tgz",
      "integrity": "sha512-U71cyTamuh1CRNCfpGY6to28lxvNwPG4Guz/EVjgf3Jmzv0vlDp1atT9eS5dDjMYHucpHbWns6Lwf3BKz6svdw==",
      "engines": {
        "node": ">= 0.6"
      }
    },
    "node_modules/joi": {
      "version": "17.13.1",
      "resolved": "https://registry.npmjs.org/joi/-/joi-17.13.1.tgz",
      "integrity": "sha512-vaBlIKCyo4FCUtCm7Eu4QZd/q02bWcxfUO6YSXAZOWF6gzcLBeba8kwotUdYJjDLW8Cz8RywsSOqiNJZW0mNvg==",
      "dependencies": {
        "@hapi/hoek": "^9.3.0",
        "@hapi/topo": "^5.1.0",
        "@sideway/address": "^4.1.5",
        "@sideway/formula": "^3.0.1",
        "@sideway/pinpoint": "^2.0.0"
      }
    },
    "node_modules/long": {
      "version": "4.0.0",
      "resolved": "https://registry.npmjs.org/long/-/long-4.0.0.tgz",
      "integrity": "sha512-XsP+KhQif4bjX1kbuSiySJFNAehNxgLb6hPRGJ9QsUr8ajHkuXGdrHmFUTUUXhDwVX2R5bY4JNZEwbUiMhV+MA=="
    },
    "node_modules/prisma": {
      "version": "5.13.0",
      "resolved": "https://registry.npmjs.org/prisma/-/prisma-5.13.0.tgz",
      "integrity": "sha512-kGtcJaElNRAdAGsCNykFSZ7dBKpL14Cbs+VaQ8cECxQlRPDjBlMHNFYeYt0SKovAVy2Y65JXQwB3A5+zIQwnTg==",
      "hasInstallScript": true,
      "dependencies": {
        "@prisma/engines": "5.13.0"
      },
      "bin": {
        "prisma": "build/index.js"
      },
      "engines": {
        "node": ">=16.13"
      }
    },
    "node_modules/undici": {
      "version": "5.28.4",
      "resolved": "https://registry.npmjs.org/undici/-/undici-5.28.4.tgz",
      "integrity": "sha512-72RFADWFqKmUb2hmmvNODKL3p9hcB6Gt2DOQMis1SEBaV6a4MH8soBvzg+95CYhCKPFedut2JY9bMfrDl9D23g==",
      "dependencies": {
        "@fastify/busboy": "^2.0.0"
      },
      "engines": {
        "node": ">=14.0"
      }
    }
  }
}
